version = 1
revision = 3
requires-python = ">=3.13"

[[package]]
name = "building"
version = "0.1.0"
source = { virtual = "." }
dependencies = [
    { name = "meson" },
]

[package.metadata]
requires-dist = [{ name = "meson", specifier = ">=1.10.0" }]

[[package]]
name = "meson"
version = "1.10.0"
source = { registry = "https://pypi.org/simple" }
sdist = { url = "https://files.pythonhosted.org/packages/45/76/c2f4cff5dabcd64711bd327dd00fd22ec603bed6a928dd5d058044d568d8/meson-1.10.0.tar.gz", hash = "sha256:8071860c1f46a75ea34801490fd1c445c9d75147a65508cd3a10366a7006cc1c", size = 2412381, upload-time = "2025-12-08T17:14:57.124Z" }
wheels = [
    { url = "https://files.pythonhosted.org/packages/32/4f/c398c6f06ece1c6c246e008d5dac3824c98f54d3eb3d8014f4910afd6d48/meson-1.10.0-py3-none-any.whl", hash = "sha256:4b27aafce281e652dcb437b28007457411245d975c48b5db3a797d3e93ae1585", size = 1057029, upload-time = "2025-12-08T17:14:55.038Z" },
]
